github.com/chzyer/logex v1.1.10/go.mod h1:+Ywpsq7O8HXn0nuIou7OrIPyXbp3wmkHB+jjWRnGsAI=
github.com/chzyer/readline v0.0.0-20180603132655-2972be24d48e/go.mod h1:nSuG5e5PlCu98SY8svDHJxuZscDgtXS6KTTbou5AhLI=
github.com/chzyer/test v0.0.0-20180213035817-a1ea475d72b1/go.mod h1:Q3SI9o4m/ZMnBNeIyt5eFwwo7qiLfzFZmjNmxjkiQlU=
github.com/dickeyxxx/netrc v0.0.0-20190329161231-b36f1c51d91d h1:eyRad931+c8mkOQX0i6+nyVVFk73RW9GvbMEpPjOmo4=
github.com/dickeyxxx/netrc v0.0.0-20190329161231-b36f1c51d91d/go.mod h1:yJi2ErNJXXF67mkADCp1kk8AMBFiX48CwUWnsjpCpII=
github.com/yuin/gopher-lua v0.0.0-20190206043414-8bfc7677f583/go.mod h1:gqRgreBUhTSL0GeU64rtZ3Uq3wtjOa/TB2YfrtkCbVQ=
github.com/yuin/gopher-lua v0.0.0-20190514113301-1cd887cd7036 h1:1b6PAtenNyhsmo/NKXVe34h7JEZKva1YB/ne7K7mqKM=
github.com/yuin/gopher-lua v0.0.0-20190514113301-1cd887cd7036/go.mod h1:gqRgreBUhTSL0GeU64rtZ3Uq3wtjOa/TB2YfrtkCbVQ=
golang.org/x/sys v0.0.0-20190204203706-41f3e6584952/go.mod h1:STP8DvDyc/dI5b8T5hshtkjS+E42TnysNCUPdjciGhY=
layeh.com/gopher-luar v1.0.7 h1:53iv6CCkRs5wyofZ+qVXcyAYQOIG52s6pt4xkqZdq7k=
layeh.com/gopher-luar v1.0.7/go.mod h1:TPnIVCZ2RJBndm7ohXyaqfhzjlZ+OA2SZR/YwL8tECk=
